
Microsoft Visual Studio Solution File, Format Version 12.00
# Visual Studio Version 16
VisualStudioVersion = 16.0.29613.14
MinimumVisualStudioVersion = 10.0.40219.1
Project("{FAE04EC0-301F-11D3-BF4B-00C04F79EFBC}") = "CollegeManagementTest", "CollegeManagementTest\CollegeManagementTest.csproj", "{58474139-402D-4536-9B09-A58214DACC30}"
EndProject
Global
	GlobalSection(SolutionConfigurationPlatforms) = preSolution
		Debug|Any CPU = Debug|Any CPU
		Release|Any CPU = Release|Any CPU
	EndGlobalSection
	GlobalSection(ProjectConfigurationPlatforms) = postSolution
		{58474139-402D-4536-9B09-A58214DACC30}.Debug|Any CPU.ActiveCfg = Debug|Any CPU
		{58474139-402D-4536-9B09-A58214DACC30}.Debug|Any CPU.Build.0 = Debug|Any CPU
		{58474139-402D-4536-9B09-A58214DACC30}.Release|Any CPU.ActiveCfg = Release|Any CPU
		{58474139-402D-4536-9B09-A58214DACC30}.Release|Any CPU.Build.0 = Release|Any CPU
	EndGlobalSection
	GlobalSection(SolutionProperties) = preSolution
		HideSolutionNode = FALSE
	EndGlobalSection
	GlobalSection(ExtensibilityGlobals) = postSolution
		SolutionGuid = {6D7ABE40-7F92-4B11-ACF8-454956A50E75}
	EndGlobalSection
EndGlobal
